
Microsoft Visual Studio Solution File, Format Version 12.00
# Visual Studio Version 17
VisualStudioVersion = 17.2.32616.157
MinimumVisualStudioVersion = 10.0.40219.1
Project("{FAE04EC0-301F-11D3-BF4B-00C04F79EFBC}") = "TestAPI", "TestAPI\TestAPI.csproj", "{4BF6F223-B87C-4C28-9580-6DDAAE786FE7}"
EndProject
Project("{2150E333-8FDC-42A3-9474-1A3956D46DE8}") = "Services", "Services", "{3F999788-1A57-4AA0-84E9-3644C6D6946B}"
EndProject
Project("{2150E333-8FDC-42A3-9474-1A3956D46DE8}") = "user", "user", "{C378C218-3EA4-46D3-8BEE-8F1387A12260}"
EndProject
Project("{2150E333-8FDC-42A3-9474-1A3956D46DE8}") = "API", "API", "{2E5298AD-557C-474A-8EAF-0229980037AE}"
EndProject
Project("{2150E333-8FDC-42A3-9474-1A3956D46DE8}") = "bussiness", "bussiness", "{E7BBBB5F-8BF8-4972-98D0-A1AFA9E5DBFD}"
EndProject
Project("{2150E333-8FDC-42A3-9474-1A3956D46DE8}") = "domain", "domain", "{5564EF38-565E-41A5-BD70-BD89A8724EBD}"
EndProject
Project("{2150E333-8FDC-42A3-9474-1A3956D46DE8}") = "DBModels", "DBModels", "{E35EE7D3-B0B6-4FAC-8E4B-5D3C03708729}"
EndProject
Project("{FAE04EC0-301F-11D3-BF4B-00C04F79EFBC}") = "UserAPI", "UserAPI\UserAPI.csproj", "{2ED2C5F6-0F06-43B0-B538-7BAB4A314728}"
EndProject
Project("{FAE04EC0-301F-11D3-BF4B-00C04F79EFBC}") = "UserBussiness", "UserBussiness\UserBussiness.csproj", "{7DFA0E11-ADD6-4076-92D7-E2DF81774A7F}"
EndProject
Project("{FAE04EC0-301F-11D3-BF4B-00C04F79EFBC}") = "UserDBModels", "UserDBModels\UserDBModels.csproj", "{0CB8E340-D3BD-4AEC-9238-30A4855020ED}"
EndProject
Project("{FAE04EC0-301F-11D3-BF4B-00C04F79EFBC}") = "UserDomain", "UserDomain\UserDomain.csproj", "{1F0F1E83-F9D0-452E-AE0A-6BD8D8022C35}"
EndProject
Global
	GlobalSection(SolutionConfigurationPlatforms) = preSolution
		Debug|Any CPU = Debug|Any CPU
		Release|Any CPU = Release|Any CPU
	EndGlobalSection
	GlobalSection(ProjectConfigurationPlatforms) = postSolution
		{4BF6F223-B87C-4C28-9580-6DDAAE786FE7}.Debug|Any CPU.ActiveCfg = Debug|Any CPU
		{4BF6F223-B87C-4C28-9580-6DDAAE786FE7}.Debug|Any CPU.Build.0 = Debug|Any CPU
		{4BF6F223-B87C-4C28-9580-6DDAAE786FE7}.Release|Any CPU.ActiveCfg = Release|Any CPU
		{4BF6F223-B87C-4C28-9580-6DDAAE786FE7}.Release|Any CPU.Build.0 = Release|Any CPU
		{2ED2C5F6-0F06-43B0-B538-7BAB4A314728}.Debug|Any CPU.ActiveCfg = Debug|Any CPU
		{2ED2C5F6-0F06-43B0-B538-7BAB4A314728}.Debug|Any CPU.Build.0 = Debug|Any CPU
		{2ED2C5F6-0F06-43B0-B538-7BAB4A314728}.Release|Any CPU.ActiveCfg = Release|Any CPU
		{2ED2C5F6-0F06-43B0-B538-7BAB4A314728}.Release|Any CPU.Build.0 = Release|Any CPU
		{7DFA0E11-ADD6-4076-92D7-E2DF81774A7F}.Debug|Any CPU.ActiveCfg = Debug|Any CPU
		{7DFA0E11-ADD6-4076-92D7-E2DF81774A7F}.Debug|Any CPU.Build.0 = Debug|Any CPU
		{7DFA0E11-ADD6-4076-92D7-E2DF81774A7F}.Release|Any CPU.ActiveCfg = Release|Any CPU
		{7DFA0E11-ADD6-4076-92D7-E2DF81774A7F}.Release|Any CPU.Build.0 = Release|Any CPU
		{0CB8E340-D3BD-4AEC-9238-30A4855020ED}.Debug|Any CPU.ActiveCfg = Debug|Any CPU
		{0CB8E340-D3BD-4AEC-9238-30A4855020ED}.Debug|Any CPU.Build.0 = Debug|Any CPU
		{0CB8E340-D3BD-4AEC-9238-30A4855020ED}.Release|Any CPU.ActiveCfg = Release|Any CPU
		{0CB8E340-D3BD-4AEC-9238-30A4855020ED}.Release|Any CPU.Build.0 = Release|Any CPU
		{1F0F1E83-F9D0-452E-AE0A-6BD8D8022C35}.Debug|Any CPU.ActiveCfg = Debug|Any CPU
		{1F0F1E83-F9D0-452E-AE0A-6BD8D8022C35}.Debug|Any CPU.Build.0 = Debug|Any CPU
		{1F0F1E83-F9D0-452E-AE0A-6BD8D8022C35}.Release|Any CPU.ActiveCfg = Release|Any CPU
		{1F0F1E83-F9D0-452E-AE0A-6BD8D8022C35}.Release|Any CPU.Build.0 = Release|Any CPU
	EndGlobalSection
	GlobalSection(SolutionProperties) = preSolution
		HideSolutionNode = FALSE
	EndGlobalSection
	GlobalSection(NestedProjects) = preSolution
		{C378C218-3EA4-46D3-8BEE-8F1387A12260} = {3F999788-1A57-4AA0-84E9-3644C6D6946B}
		{2E5298AD-557C-474A-8EAF-0229980037AE} = {C378C218-3EA4-46D3-8BEE-8F1387A12260}
		{E7BBBB5F-8BF8-4972-98D0-A1AFA9E5DBFD} = {C378C218-3EA4-46D3-8BEE-8F1387A12260}
		{5564EF38-565E-41A5-BD70-BD89A8724EBD} = {C378C218-3EA4-46D3-8BEE-8F1387A12260}
		{E35EE7D3-B0B6-4FAC-8E4B-5D3C03708729} = {C378C218-3EA4-46D3-8BEE-8F1387A12260}
		{2ED2C5F6-0F06-43B0-B538-7BAB4A314728} = {2E5298AD-557C-474A-8EAF-0229980037AE}
		{7DFA0E11-ADD6-4076-92D7-E2DF81774A7F} = {E7BBBB5F-8BF8-4972-98D0-A1AFA9E5DBFD}
		{0CB8E340-D3BD-4AEC-9238-30A4855020ED} = {E35EE7D3-B0B6-4FAC-8E4B-5D3C03708729}
		{1F0F1E83-F9D0-452E-AE0A-6BD8D8022C35} = {5564EF38-565E-41A5-BD70-BD89A8724EBD}
	EndGlobalSection
	GlobalSection(ExtensibilityGlobals) = postSolution
		SolutionGuid = {6BDBF572-8BE9-4340-9F4A-5E72816F69DA}
	EndGlobalSection
EndGlobal
